// !$*UTF8*$!
{
	archiveVersion = 1;
	classes = {
	};
	objectVersion = 46;
	objects = {

/* Begin PBXBuildFile section */
		28593B341D9050E100E46D86 /* MontyBrain.swift in Sources */ = {isa = PBXBuildFile; fileRef = 28593B331D9050E100E46D86 /* MontyBrain.swift */; };
		286682381D902EDA007DD0C0 /* AppDelegate.swift in Sources */ = {isa = PBXBuildFile; fileRef = 286682371D902EDA007DD0C0 /* AppDelegate.swift */; };
		2866823A1D902EDA007DD0C0 /* NCardMontyViewController.swift in Sources */ = {isa = PBXBuildFile; fileRef = 286682391D902EDA007DD0C0 /* NCardMontyViewController.swift */; };
		2866823F1D902EDA007DD0C0 /* Main.storyboard in Resources */ = {isa = PBXBuildFile; fileRef = 2866823D1D902EDA007DD0C0 /* Main.storyboard */; };
		286682411D902EDA007DD0C0 /* Assets.xcassets in Resources */ = {isa = PBXBuildFile; fileRef = 286682401D902EDA007DD0C0 /* Assets.xcassets */; };
		286682441D902EDA007DD0C0 /* LaunchScreen.storyboard in Resources */ = {isa = PBXBuildFile; fileRef = 286682421D902EDA007DD0C0 /* LaunchScreen.storyboard */; };
/* End PBXBuildFile section */

/* Begin PBXFileReference section */
		28593B331D9050E100E46D86 /* MontyBrain.swift */ = {isa = PBXFileReference; fileEncoding = 4; lastKnownFileType = sourcecode.swift; name = MontyBrain.swift; path = ../../AC3.2/archive/TabbedMonty/TabbedMonty/MontyBrain.swift; sourceTree = "<group>"; };
		286682341D902EDA007DD0C0 /* Battleship2.app */ = {isa = PBXFileReference; explicitFileType = wrapper.application; includeInIndex = 0; path = Battleship2.app; sourceTree = BUILT_PRODUCTS_DIR; };
		286682371D902EDA007DD0C0 /* AppDelegate.swift */ = {isa = PBXFileReference; lastKnownFileType = sourcecode.swift; path = AppDelegate.swift; sourceTree = "<group>"; };
		286682391D902EDA007DD0C0 /* NCardMontyViewController.swift */ = {isa = PBXFileReference; lastKnownFileType = sourcecode.swift; path = NCardMontyViewController.swift; sourceTree = "<group>"; };
		2866823E1D902EDA007DD0C0 /* Base */ = {isa = PBXFileReference; lastKnownFileType = file.storyboard; name = Base; path = Base.lproj/Main.storyboard; sourceTree = "<group>"; };
		286682401D902EDA007DD0C0 /* Assets.xcassets */ = {isa = PBXFileReference; lastKnownFileType = folder.assetcatalog; path = Assets.xcassets; sourceTree = "<group>"; };
		286682431D902EDA007DD0C0 /* Base */ = {isa = PBXFileReference; lastKnownFileType = file.storyboard; name = Base; path = Base.lproj/LaunchScreen.storyboard; sourceTree = "<group>"; };
		286682451D902EDA007DD0C0 /* Info.plist */ = {isa = PBXFileReference; lastKnownFileType = text.plist.xml; path = Info.plist; sourceTree = "<group>"; };
/* End PBXFileReference section */

/* Begin PBXFrameworksBuildPhase section */
		286682311D902EDA007DD0C0 /* Frameworks */ = {
			isa = PBXFrameworksBuildPhase;
			buildActionMask = 2147483647;
			files = (
			);
			runOnlyForDeploymentPostprocessing = 0;
		};
/* End PBXFrameworksBuildPhase section */

/* Begin PBXGroup section */
		2866822B1D902EDA007DD0C0 = {
			isa = PBXGroup;
			children = (
				286682361D902EDA007DD0C0 /* Battleship2 */,
				286682351D902EDA007DD0C0 /* Products */,
			);
			sourceTree = "<group>";
		};
		286682351D902EDA007DD0C0 /* Products */ = {
			isa = PBXGroup;
			children = (
				286682341D902EDA007DD0C0 /* Battleship2.app */,
			);
			name = Products;
			sourceTree = "<group>";
		};
		286682361D902EDA007DD0C0 /* Battleship2 */ = {
			isa = PBXGroup;
			children = (
				286682371D902EDA007DD0C0 /* AppDelegate.swift */,
				286682391D902EDA007DD0C0 /* NCardMontyViewController.swift */,
				28593B331D9050E100E46D86 /* MontyBrain.swift */,
				2866823D1D902EDA007DD0C0 /* Main.storyboard */,
				286682401D902EDA007DD0C0 /* Assets.xcassets */,
				286682421D902EDA007DD0C0 /* LaunchScreen.storyboard */,
				286682451D902EDA007DD0C0 /* Info.plist */,
			);
			path = Battleship2;
			sourceTree = "<group>";
		};
/* End PBXGroup section */

/* Begin PBXNativeTarget section */
		286682331D902EDA007DD0C0 /* Battleship2 */ = {
			isa = PBXNativeTarget;
			buildConfigurationList = 286682481D902EDA007DD0C0 /* Build configuration list for PBXNativeTarget "Battleship2" */;
			buildPhases = (
				286682301D902EDA007DD0C0 /* Sources */,
				286682311D902EDA007DD0C0 /* Frameworks */,
				286682321D902EDA007DD0C0 /* Resources */,
			);
			buildRules = (
			);
			dependencies = (
			);
			name = Battleship2;
			productName = Battleship2;
			productReference = 286682341D902EDA007DD0C0 /* Battleship2.app */;
			productType = "com.apple.product-type.application";
		};
/* End PBXNativeTarget section */

/* Begin PBXProject section */
		2866822C1D902EDA007DD0C0 /* Project object */ = {
			isa = PBXProject;
			attributes = {
				LastSwiftUpdateCheck = 0800;
				LastUpgradeCheck = 0800;
				ORGANIZATIONNAME = "Margaret Ikeda";
				TargetAttributes = {
					286682331D902EDA007DD0C0 = {
						CreatedOnToolsVersion = 8.0;
						ProvisioningStyle = Automatic;
					};
				};
			};
			buildConfigurationList = 2866822F1D902EDA007DD0C0 /* Build configuration list for PBXProject "Battleship2" */;
			compatibilityVersion = "Xcode 3.2";
			developmentRegion = English;
			hasScannedForEncodings = 0;
			knownRegions = (
				en,
				Base,
			);
			mainGroup = 2866822B1D902EDA007DD0C0;
			productRefGroup = 286682351D902EDA007DD0C0 /* Products */;
			projectDirPath = "";
			projectRoot = "";
			targets = (
				286682331D902EDA007DD0C0 /* Battleship2 */,
			);
		};
/* End PBXProject section */

/* Begin PBXResourcesBuildPhase section */
		286682321D902EDA007DD0C0 /* Resources */ = {
			isa = PBXResourcesBuildPhase;
			buildActionMask = 2147483647;
			files = (
				286682441D902EDA007DD0C0 /* LaunchScreen.storyboard in Resources */,
				286682411D902EDA007DD0C0 /* Assets.xcassets in Resources */,
				2866823F1D902EDA007DD0C0 /* Main.storyboard in Resources */,
			);
			runOnlyForDeploymentPostprocessing = 0;
		};
/* End PBXResourcesBuildPhase section */

/* Begin PBXSourcesBuildPhase section */
		286682301D902EDA007DD0C0 /* Sources */ = {
			isa = PBXSourcesBuildPhase;
			buildActionMask = 2147483647;
			files = (
				286682381D902EDA007DD0C0 /* AppDelegate.swift in Sources */,
				28593B341D9050E100E46D86 /* MontyBrain.swift in Sources */,
				2866823A1D902EDA007DD0C0 /* NCardMontyViewController.swift in Sources */,
			);
			runOnlyForDeploymentPostprocessing = 0;
		};
/* End PBXSourcesBuildPhase section */

/* Begin PBXVariantGroup section */
		2866823D1D902EDA007DD0C0 /* Main.storyboard */ = {
			isa = PBXVariantGroup;
			children = (
				2866823E1D902EDA007DD0C0 /* Base */,
			);
			name = Main.storyboard;
			sourceTree = "<group>";
		};
		286682421D902EDA007DD0C0 /* LaunchScreen.storyboard */ = {
			isa = PBXVariantGroup;
			children = (
				286682431D902EDA007DD0C0 /* Base */,
			);
			name = LaunchScreen.storyboard;
			sourceTree = "<group>";
		};
/* End PBXVariantGroup section */

/* Begin XCBuildConfiguration section */
		286682461D902EDA007DD0C0 /* Debug */ = {
			isa = XCBuildConfiguration;
			buildSettings = {
				ALWAYS_SEARCH_USER_PATHS = NO;
				CLANG_ANALYZER_NONNULL = YES;
				CLANG_CXX_LANGUAGE_STANDARD = "gnu++0x";
				CLANG_CXX_LIBRARY = "libc++";
				CLANG_ENABLE_MODULES = YES;
				CLANG_ENABLE_OBJC_ARC = YES;
				CLANG_WARN_BOOL_CONVERSION = YES;
				CLANG_WARN_CONSTANT_CONVERSION = YES;
				CLANG_WARN_DIRECT_OBJC_ISA_USAGE = YES_ERROR;
				CLANG_WARN_DOCUMENTATION_COMMENTS = YES;
				CLANG_WARN_EMPTY_BODY = YES;
				CLANG_WARN_ENUM_CONVERSION = YES;
				CLANG_WARN_INFINITE_RECURSION = YES;
				CLANG_WARN_INT_CONVERSION = YES;
				CLANG_WARN_OBJC_ROOT_CLASS = YES_ERROR;
				CLANG_WARN_SUSPICIOUS_MOVES = YES;
				CLANG_WARN_UNREACHABLE_CODE = YES;
				CLANG_WARN__DUPLICATE_METHOD_MATCH = YES;
				"CODE_SIGN_IDENTITY[sdk=iphoneos*]" = "iPhone Developer";
				COPY_PHASE_STRIP = NO;
				DEBUG_INFORMATION_FORMAT = dwarf;
				ENABLE_STRICT_OBJC_MSGSEND = YES;
				ENABLE_TESTABILITY = YES;
				GCC_C_LANGUAGE_STANDARD = gnu99;
				GCC_DYNAMIC_NO_PIC = NO;
				GCC_NO_COMMON_BLOCKS = YES;
				GCC_OPTIMIZATION_LEVEL = 0;
				GCC_PREPROCESSOR_DEFINITIONS = (
					"DEBUG=1",
					"$(inherited)",
				);
				GCC_WARN_64_TO_32_BIT_CONVERSION = YES;
				GCC_WARN_ABOUT_RETURN_TYPE = YES_ERROR;
				GCC_WARN_UNDECLARED_SELECTOR = YES;
				GCC_WARN_UNINITIALIZED_AUTOS = YES_AGGRESSIVE;
				GCC_WARN_UNUSED_FUNCTION = YES;
				GCC_WARN_UNUSED_VARIABLE = YES;
				IPHONEOS_DEPLOYMENT_TARGET = 10.0;
				MTL_ENABLE_DEBUG_INFO = YES;
				ONLY_ACTIVE_ARCH = YES;
				SDKROOT = iphoneos;
				SWIFT_ACTIVE_COMPILATION_CONDITIONS = DEBUG;
				SWIFT_OPTIMIZATION_LEVEL = "-Onone";
				TARGETED_DEVICE_FAMILY = "1,2";
			};
			name = Debug;
		};
		286682471D902EDA007DD0C0 /* Release */ = {
			isa = XCBuildConfiguration;
			buildSettings = {
				ALWAYS_SEARCH_USER_PATHS = NO;
				CLANG_ANALYZER_NONNULL = YES;
				CLANG_CXX_LANGUAGE_STANDARD = "gnu++0x";
				CLANG_CXX_LIBRARY = "libc++";
				CLANG_ENABLE_MODULES = YES;
				CLANG_ENABLE_OBJC_ARC = YES;
				CLANG_WARN_BOOL_CONVERSION = YES;
				CLANG_WARN_CONSTANT_CONVERSION = YES;
				CLANG_WARN_DIRECT_OBJC_ISA_USAGE = YES_ERROR;
				CLANG_WARN_DOCUMENTATION_COMMENTS = YES;
				CLANG_WARN_EMPTY_BODY = YES;
				CLANG_WARN_ENUM_CONVERSION = YES;
				CLANG_WARN_INFINITE_RECURSION = YES;
				CLANG_WARN_INT_CONVERSION = YES;
				CLANG_WARN_OBJC_ROOT_CLASS = YES_ERROR;
				CLANG_WARN_SUSPICIOUS_MOVES = YES;
				CLANG_WARN_UNREACHABLE_CODE = YES;
				CLANG_WARN__DUPLICATE_METHOD_MATCH = YES;
				"CODE_SIGN_IDENTITY[sdk=iphoneos*]" = "iPhone Developer";
				COPY_PHASE_STRIP = NO;
				DEBUG_INFORMATION_FORMAT = "dwarf-with-dsym";
				ENABLE_NS_ASSERTIONS = NO;
				ENABLE_STRICT_OBJC_MSGSEND = YES;
				GCC_C_LANGUAGE_STANDARD = gnu99;
				GCC_NO_COMMON_BLOCKS = YES;
				GCC_WARN_64_TO_32_BIT_CONVERSION = YES;
				GCC_WARN_ABOUT_RETURN_TYPE = YES_ERROR;
				GCC_WARN_UNDECLARED_SELECTOR = YES;
				GCC_WARN_UNINITIALIZED_AUTOS = YES_AGGRESSIVE;
				GCC_WARN_UNUSED_FUNCTION = YES;
				GCC_WARN_UNUSED_VARIABLE = YES;
				IPHONEOS_DEPLOYMENT_TARGET = 10.0;
				MTL_ENABLE_DEBUG_INFO = NO;
				SDKROOT = iphoneos;
				SWIFT_OPTIMIZATION_LEVEL = "-Owholemodule";
				TARGETED_DEVICE_FAMILY = "1,2";
				VALIDATE_PRODUCT = YES;
			};
			name = Release;
		};
		286682491D902EDA007DD0C0 /* Debug */ = {
			isa = XCBuildConfiguration;
			buildSettings = {
				ASSETCATALOG_COMPILER_APPICON_NAME = AppIcon;
				INFOPLIST_FILE = Battleship2/Info.plist;
				LD_RUNPATH_SEARCH_PATHS = "$(inherited) @executable_path/Frameworks";
				PRODUCT_BUNDLE_IDENTIFIER = C4Q.Battleship2;
				PRODUCT_NAME = "$(TARGET_NAME)";
				SWIFT_VERSION = 3.0;
			};
			name = Debug;
		};
		2866824A1D902EDA007DD0C0 /* Release */ = {
			isa = XCBuildConfiguration;
			buildSettings = {
				ASSETCATALOG_COMPILER_APPICON_NAME = AppIcon;
				INFOPLIST_FILE = Battleship2/Info.plist;
				LD_RUNPATH_SEARCH_PATHS = "$(inherited) @executable_path/Frameworks";
				PRODUCT_BUNDLE_IDENTIFIER = C4Q.Battleship2;
				PRODUCT_NAME = "$(TARGET_NAME)";
				SWIFT_VERSION = 3.0;
			};
			name = Release;
		};
/* End XCBuildConfiguration section */

/* Begin XCConfigurationList section */
		2866822F1D902EDA007DD0C0 /* Build configuration list for PBXProject "Battleship2" */ = {
			isa = XCConfigurationList;
			buildConfigurations = (
				286682461D902EDA007DD0C0 /* Debug */,
				286682471D902EDA007DD0C0 /* Release */,
			);
			defaultConfigurationIsVisible = 0;
			defaultConfigurationName = Release;
		};
		286682481D902EDA007DD0C0 /* Build configuration list for PBXNativeTarget "Battleship2" */ = {
			isa = XCConfigurationList;
			buildConfigurations = (
				286682491D902EDA007DD0C0 /* Debug */,
				2866824A1D902EDA007DD0C0 /* Release */,
			);
			defaultConfigurationIsVisible = 0;
			defaultConfigurationName = Release;
		};
/* End XCConfigurationList section */
	};
	rootObject = 2866822C1D902EDA007DD0C0 /* Project object */;
}
